{
  "name": "ziex",
  "version": "0.1.0-dev",
  "lockfileVersion": 3,
  "requires": true,
  "packages": {
    "": {
      "name": "ziex",
      "version": "0.1.0-dev",
      "license": "MIT",
      "dependencies": {
        "@ziex/cli": "0.1.0-dev.1252"
      },
      "bin": {
        "ziex": "bin/ziex"
      }
    },
    "node_modules/@ziex/cli": {
      "version": "0.1.0-dev.1252",
      "resolved": "https://registry.npmjs.org/@ziex/cli/-/cli-0.1.0-dev.1252.tgz",
      "integrity": "sha512-siZtnH+6ato28+KTA4RGR5mWSkRfKUy54bOwb/Dz9Tv/jdzNg+75QTn7TSAA589qupFU59TSGMDidnulRtJ3lw==",
      "license": "MIT",
      "bin": {
        "ziex": "bin/zx",
        "zx": "bin/zx"
      },
      "optionalDependencies": {
        "@ziex/cli-darwin-arm64": "0.1.0-dev.1252",
        "@ziex/cli-darwin-x64": "0.1.0-dev.1252",
        "@ziex/cli-linux-arm64": "0.1.0-dev.1252",
        "@ziex/cli-linux-x64": "0.1.0-dev.1252",
        "@ziex/cli-win32-arm64": "0.1.0-dev.1252",
        "@ziex/cli-win32-x64": "0.1.0-dev.1252"
      }
    },
    "node_modules/@ziex/cli-darwin-arm64": {
      "version": "0.1.0-dev.1252",
      "resolved": "https://registry.npmjs.org/@ziex/cli-darwin-arm64/-/cli-darwin-arm64-0.1.0-dev.1252.tgz",
      "integrity": "sha512-lv+GwFkDVWPjkZtW7r0UJ/puReITyRcSGCnToEOC6cBT08NDpqH6WkP4Ar2Qgkd+fZLi+EKiqGtzul3O9Zi17Q==",
      "cpu": [
        "arm64"
      ],
      "license": "MIT",
      "optional": true,
      "os": [
        "darwin"
      ],
      "bin": {
        "ziex": "bin/zx",
        "zx": "bin/zx"
      }
    },
    "node_modules/@ziex/cli-darwin-x64": {
      "version": "0.1.0-dev.1252",
      "resolved": "https://registry.npmjs.org/@ziex/cli-darwin-x64/-/cli-darwin-x64-0.1.0-dev.1252.tgz",
      "integrity": "sha512-x9V/NKoJ9aVXJV5coB+ZkEDRApoMw5ERoQuWKHWr7xEMyq7icuK40sbQjtyrAGcW9AQR16qBXanT5fKwlWLCpw==",
      "cpu": [
        "x64"
      ],
      "license": "MIT",
      "optional": true,
      "os": [
        "darwin"
      ],
      "bin": {
        "ziex": "bin/zx",
        "zx": "bin/zx"
      }
    },
    "node_modules/@ziex/cli-linux-arm64": {
      "version": "0.1.0-dev.1252",
      "resolved": "https://registry.npmjs.org/@ziex/cli-linux-arm64/-/cli-linux-arm64-0.1.0-dev.1252.tgz",
      "integrity": "sha512-PuVGbwj+5IXr35cC8aJu/Vfg0M0Z95GLH6D4yb5SsDLj9zyV0+OpT783GXVWSro5D7M7BVHcXRhI4X0ctuQPnQ==",
      "cpu": [
        "arm64"
      ],
      "license": "MIT",
      "optional": true,
      "os": [
        "linux"
      ],
      "bin": {
        "ziex": "bin/zx",
        "zx": "bin/zx"
      }
    },
    "node_modules/@ziex/cli-linux-x64": {
      "version": "0.1.0-dev.1252",
      "resolved": "https://registry.npmjs.org/@ziex/cli-linux-x64/-/cli-linux-x64-0.1.0-dev.1252.tgz",
      "integrity": "sha512-BnHRb06WMdFTLLzt/JlBmrZ31nA5X1mK9KqpySgtE1ZpXGi5/WL93YpDpunCrr/vfihMWo59Gi/bRIZe7yKTpg==",
      "cpu": [
        "x64"
      ],
      "license": "MIT",
      "optional": true,
      "os": [
        "linux"
      ],
      "bin": {
        "ziex": "bin/zx",
        "zx": "bin/zx"
      }
    },
    "node_modules/@ziex/cli-win32-arm64": {
      "version": "0.1.0-dev.1252",
      "resolved": "https://registry.npmjs.org/@ziex/cli-win32-arm64/-/cli-win32-arm64-0.1.0-dev.1252.tgz",
      "integrity": "sha512-gTNQdEAJQhfYFPUCxReG9zf94tF9mGXEVyh0xgINBDPbR7B7FQXbpiS9U5qX2LrWK5+Vi2jbnwVQ80nMSTq+hw==",
      "cpu": [
        "arm64"
      ],
      "license": "MIT",
      "optional": true,
      "os": [
        "win32"
      ],
      "bin": {
        "ziex": "bin/zx.exe",
        "zx": "bin/zx.exe"
      }
    },
    "node_modules/@ziex/cli-win32-x64": {
      "version": "0.1.0-dev.1252",
      "resolved": "https://registry.npmjs.org/@ziex/cli-win32-x64/-/cli-win32-x64-0.1.0-dev.1252.tgz",
      "integrity": "sha512-USIU2d7mqmIGBIF/wGNIAFkLuXmTpfhWqt1B16F2jikS/x1mg/lw8XQORM1NYYoUksttINc0w2g6bZ4kq+FuAw==",
      "cpu": [
        "x64"
      ],
      "license": "MIT",
      "optional": true,
      "os": [
        "win32"
      ],
      "bin": {
        "ziex": "bin/zx.exe",
        "zx": "bin/zx.exe"
      }
    }
  }
}
